
Microsoft Visual Studio Solution File, Format Version 12.00
# Visual Studio Version 16
VisualStudioVersion = 16.0.32407.337
MinimumVisualStudioVersion = 10.0.40219.1
Project("{FAE04EC0-301F-11D3-BF4B-00C04F79EFBC}") = "Assets", "Assets\Assets.csproj", "{F7C522C4-458C-4586-A265-BDC482C6C051}"
EndProject
Global
	GlobalSection(SolutionConfigurationPlatforms) = preSolution
		Debug|Any CPU = Debug|Any CPU
		Release|Any CPU = Release|Any CPU
	EndGlobalSection
	GlobalSection(ProjectConfigurationPlatforms) = postSolution
		{F7C522C4-458C-4586-A265-BDC482C6C051}.Debug|Any CPU.ActiveCfg = Debug|Any CPU
		{F7C522C4-458C-4586-A265-BDC482C6C051}.Debug|Any CPU.Build.0 = Debug|Any CPU
		{F7C522C4-458C-4586-A265-BDC482C6C051}.Release|Any CPU.ActiveCfg = Release|Any CPU
		{F7C522C4-458C-4586-A265-BDC482C6C051}.Release|Any CPU.Build.0 = Release|Any CPU
	EndGlobalSection
	GlobalSection(SolutionProperties) = preSolution
		HideSolutionNode = FALSE
	EndGlobalSection
	GlobalSection(ExtensibilityGlobals) = postSolution
		SolutionGuid = {F7A09A6D-3651-496D-8D41-82A8B074D64C}
	EndGlobalSection
EndGlobal
